// !$*UTF8*$!
{
	archiveVersion = 1;
	classes = {
	};
	objectVersion = 46;
	objects = {

/* Begin PBXBuildFile section */
		4538075F1B69BBAF00684AA8 /* WeeklyTableTableViewController.swift in Sources */ = {isa = PBXBuildFile; fileRef = 4538075E1B69BBAF00684AA8 /* WeeklyTableTableViewController.swift */; };
		453807611B69BD5800684AA8 /* BackgroundView.swift in Sources */ = {isa = PBXBuildFile; fileRef = 453807601B69BD5800684AA8 /* BackgroundView.swift */; };
		453807641B69D04900684AA8 /* DailyWeather.swift in Sources */ = {isa = PBXBuildFile; fileRef = 453807631B69D04900684AA8 /* DailyWeather.swift */; };
		453807661B69D2FC00684AA8 /* Icon.swift in Sources */ = {isa = PBXBuildFile; fileRef = 453807651B69D2FC00684AA8 /* Icon.swift */; };
		453807681B69D9F100684AA8 /* Forecast.swift in Sources */ = {isa = PBXBuildFile; fileRef = 453807671B69D9F100684AA8 /* Forecast.swift */; };
		4538076A1B69F43400684AA8 /* DailyWeatherTableViewCell.swift in Sources */ = {isa = PBXBuildFile; fileRef = 453807691B69F43400684AA8 /* DailyWeatherTableViewCell.swift */; };
		4538076C1B6A01ED00684AA8 /* DetailBackgroungView.swift in Sources */ = {isa = PBXBuildFile; fileRef = 4538076B1B6A01ED00684AA8 /* DetailBackgroungView.swift */; };
		4538076E1B6A1A4800684AA8 /* LocationService.swift in Sources */ = {isa = PBXBuildFile; fileRef = 4538076D1B6A1A4800684AA8 /* LocationService.swift */; };
		45CCA6301B67442C00D6FC58 /* AppDelegate.swift in Sources */ = {isa = PBXBuildFile; fileRef = 45CCA62F1B67442C00D6FC58 /* AppDelegate.swift */; };
		45CCA6321B67442C00D6FC58 /* ViewController.swift in Sources */ = {isa = PBXBuildFile; fileRef = 45CCA6311B67442C00D6FC58 /* ViewController.swift */; };
		45CCA6351B67442C00D6FC58 /* Main.storyboard in Resources */ = {isa = PBXBuildFile; fileRef = 45CCA6331B67442C00D6FC58 /* Main.storyboard */; };
		45CCA6371B67442C00D6FC58 /* Images.xcassets in Resources */ = {isa = PBXBuildFile; fileRef = 45CCA6361B67442C00D6FC58 /* Images.xcassets */; };
		45CCA63A1B67442C00D6FC58 /* LaunchScreen.xib in Resources */ = {isa = PBXBuildFile; fileRef = 45CCA6381B67442C00D6FC58 /* LaunchScreen.xib */; };
		45CCA6461B67442C00D6FC58 /* WeatheraTests.swift in Sources */ = {isa = PBXBuildFile; fileRef = 45CCA6451B67442C00D6FC58 /* WeatheraTests.swift */; };
		45CCA6541B6749C500D6FC58 /* CurrentWeather.swift in Sources */ = {isa = PBXBuildFile; fileRef = 45CCA6531B6749C500D6FC58 /* CurrentWeather.swift */; };
		45F7BB501B68747D004DB721 /* NetworkOperation.swift in Sources */ = {isa = PBXBuildFile; fileRef = 45F7BB4F1B68747D004DB721 /* NetworkOperation.swift */; };
		45F7BB521B688718004DB721 /* ForecastService.swift in Sources */ = {isa = PBXBuildFile; fileRef = 45F7BB511B688718004DB721 /* ForecastService.swift */; };
/* End PBXBuildFile section */

/* Begin PBXContainerItemProxy section */
		45CCA6401B67442C00D6FC58 /* PBXContainerItemProxy */ = {
			isa = PBXContainerItemProxy;
			containerPortal = 45CCA6221B67442C00D6FC58 /* Project object */;
			proxyType = 1;
			remoteGlobalIDString = 45CCA6291B67442C00D6FC58;
			remoteInfo = Weathera;
		};
/* End PBXContainerItemProxy section */

/* Begin PBXFileReference section */
		4538075E1B69BBAF00684AA8 /* WeeklyTableTableViewController.swift */ = {isa = PBXFileReference; fileEncoding = 4; lastKnownFileType = sourcecode.swift; path = WeeklyTableTableViewController.swift; sourceTree = "<group>"; };
		453807601B69BD5800684AA8 /* BackgroundView.swift */ = {isa = PBXFileReference; fileEncoding = 4; lastKnownFileType = sourcecode.swift; path = BackgroundView.swift; sourceTree = "<group>"; };
		453807631B69D04900684AA8 /* DailyWeather.swift */ = {isa = PBXFileReference; fileEncoding = 4; lastKnownFileType = sourcecode.swift; path = DailyWeather.swift; sourceTree = "<group>"; };
		453807651B69D2FC00684AA8 /* Icon.swift */ = {isa = PBXFileReference; fileEncoding = 4; lastKnownFileType = sourcecode.swift; path = Icon.swift; sourceTree = "<group>"; };
		453807671B69D9F100684AA8 /* Forecast.swift */ = {isa = PBXFileReference; fileEncoding = 4; lastKnownFileType = sourcecode.swift; path = Forecast.swift; sourceTree = "<group>"; };
		453807691B69F43400684AA8 /* DailyWeatherTableViewCell.swift */ = {isa = PBXFileReference; fileEncoding = 4; lastKnownFileType = sourcecode.swift; path = DailyWeatherTableViewCell.swift; sourceTree = "<group>"; };
		4538076B1B6A01ED00684AA8 /* DetailBackgroungView.swift */ = {isa = PBXFileReference; fileEncoding = 4; lastKnownFileType = sourcecode.swift; path = DetailBackgroungView.swift; sourceTree = "<group>"; };
		4538076D1B6A1A4800684AA8 /* LocationService.swift */ = {isa = PBXFileReference; fileEncoding = 4; lastKnownFileType = sourcecode.swift; path = LocationService.swift; sourceTree = "<group>"; };
		45CCA62A1B67442C00D6FC58 /* Weathera.app */ = {isa = PBXFileReference; explicitFileType = wrapper.application; includeInIndex = 0; path = Weathera.app; sourceTree = BUILT_PRODUCTS_DIR; };
		45CCA62E1B67442C00D6FC58 /* Info.plist */ = {isa = PBXFileReference; lastKnownFileType = text.plist.xml; path = Info.plist; sourceTree = "<group>"; };
		45CCA62F1B67442C00D6FC58 /* AppDelegate.swift */ = {isa = PBXFileReference; lastKnownFileType = sourcecode.swift; path = AppDelegate.swift; sourceTree = "<group>"; };
		45CCA6311B67442C00D6FC58 /* ViewController.swift */ = {isa = PBXFileReference; lastKnownFileType = sourcecode.swift; path = ViewController.swift; sourceTree = "<group>"; };
		45CCA6341B67442C00D6FC58 /* Base */ = {isa = PBXFileReference; lastKnownFileType = file.storyboard; name = Base; path = Base.lproj/Main.storyboard; sourceTree = "<group>"; };
		45CCA6361B67442C00D6FC58 /* Images.xcassets */ = {isa = PBXFileReference; lastKnownFileType = folder.assetcatalog; path = Images.xcassets; sourceTree = "<group>"; };
		45CCA6391B67442C00D6FC58 /* Base */ = {isa = PBXFileReference; lastKnownFileType = file.xib; name = Base; path = Base.lproj/LaunchScreen.xib; sourceTree = "<group>"; };
		45CCA63F1B67442C00D6FC58 /* WeatheraTests.xctest */ = {isa = PBXFileReference; explicitFileType = wrapper.cfbundle; includeInIndex = 0; path = WeatheraTests.xctest; sourceTree = BUILT_PRODUCTS_DIR; };
		45CCA6441B67442C00D6FC58 /* Info.plist */ = {isa = PBXFileReference; lastKnownFileType = text.plist.xml; path = Info.plist; sourceTree = "<group>"; };
		45CCA6451B67442C00D6FC58 /* WeatheraTests.swift */ = {isa = PBXFileReference; lastKnownFileType = sourcecode.swift; path = WeatheraTests.swift; sourceTree = "<group>"; };
		45CCA6531B6749C500D6FC58 /* CurrentWeather.swift */ = {isa = PBXFileReference; fileEncoding = 4; lastKnownFileType = sourcecode.swift; path = CurrentWeather.swift; sourceTree = "<group>"; };
		45F7BB4F1B68747D004DB721 /* NetworkOperation.swift */ = {isa = PBXFileReference; fileEncoding = 4; lastKnownFileType = sourcecode.swift; path = NetworkOperation.swift; sourceTree = "<group>"; };
		45F7BB511B688718004DB721 /* ForecastService.swift */ = {isa = PBXFileReference; fileEncoding = 4; lastKnownFileType = sourcecode.swift; path = ForecastService.swift; sourceTree = "<group>"; };
/* End PBXFileReference section */

/* Begin PBXFrameworksBuildPhase section */
		45CCA6271B67442C00D6FC58 /* Frameworks */ = {
			isa = PBXFrameworksBuildPhase;
			buildActionMask = 2147483647;
			files = (
			);
			runOnlyForDeploymentPostprocessing = 0;
		};
		45CCA63C1B67442C00D6FC58 /* Frameworks */ = {
			isa = PBXFrameworksBuildPhase;
			buildActionMask = 2147483647;
			files = (
			);
			runOnlyForDeploymentPostprocessing = 0;
		};
/* End PBXFrameworksBuildPhase section */

/* Begin PBXGroup section */
		4538075B1B69BA4B00684AA8 /* Controller */ = {
			isa = PBXGroup;
			children = (
				45CCA6311B67442C00D6FC58 /* ViewController.swift */,
				4538075E1B69BBAF00684AA8 /* WeeklyTableTableViewController.swift */,
			);
			name = Controller;
			sourceTree = "<group>";
		};
		4538075C1B69BA7600684AA8 /* Views */ = {
			isa = PBXGroup;
			children = (
				45CCA6331B67442C00D6FC58 /* Main.storyboard */,
				453807601B69BD5800684AA8 /* BackgroundView.swift */,
				453807691B69F43400684AA8 /* DailyWeatherTableViewCell.swift */,
				4538076B1B6A01ED00684AA8 /* DetailBackgroungView.swift */,
			);
			name = Views;
			sourceTree = "<group>";
		};
		4538075D1B69BA8F00684AA8 /* Models */ = {
			isa = PBXGroup;
			children = (
				453807621B69D01700684AA8 /* Weather */,
				45F7BB4F1B68747D004DB721 /* NetworkOperation.swift */,
				45F7BB511B688718004DB721 /* ForecastService.swift */,
				4538076D1B6A1A4800684AA8 /* LocationService.swift */,
			);
			name = Models;
			sourceTree = "<group>";
		};
		453807621B69D01700684AA8 /* Weather */ = {
			isa = PBXGroup;
			children = (
				45CCA6531B6749C500D6FC58 /* CurrentWeather.swift */,
				453807631B69D04900684AA8 /* DailyWeather.swift */,
				453807651B69D2FC00684AA8 /* Icon.swift */,
				453807671B69D9F100684AA8 /* Forecast.swift */,
			);
			name = Weather;
			sourceTree = "<group>";
		};
		45CCA6211B67442C00D6FC58 = {
			isa = PBXGroup;
			children = (
				45CCA62C1B67442C00D6FC58 /* Weathera */,
				45CCA6421B67442C00D6FC58 /* WeatheraTests */,
				45CCA62B1B67442C00D6FC58 /* Products */,
			);
			sourceTree = "<group>";
		};
		45CCA62B1B67442C00D6FC58 /* Products */ = {
			isa = PBXGroup;
			children = (
				45CCA62A1B67442C00D6FC58 /* Weathera.app */,
				45CCA63F1B67442C00D6FC58 /* WeatheraTests.xctest */,
			);
			name = Products;
			sourceTree = "<group>";
		};
		45CCA62C1B67442C00D6FC58 /* Weathera */ = {
			isa = PBXGroup;
			children = (
				4538075D1B69BA8F00684AA8 /* Models */,
				4538075C1B69BA7600684AA8 /* Views */,
				4538075B1B69BA4B00684AA8 /* Controller */,
				45CCA6361B67442C00D6FC58 /* Images.xcassets */,
				45CCA6381B67442C00D6FC58 /* LaunchScreen.xib */,
				45CCA62D1B67442C00D6FC58 /* Supporting Files */,
			);
			path = Weathera;
			sourceTree = "<group>";
		};
		45CCA62D1B67442C00D6FC58 /* Supporting Files */ = {
			isa = PBXGroup;
			children = (
				45CCA62F1B67442C00D6FC58 /* AppDelegate.swift */,
				45CCA62E1B67442C00D6FC58 /* Info.plist */,
			);
			name = "Supporting Files";
			sourceTree = "<group>";
		};
		45CCA6421B67442C00D6FC58 /* WeatheraTests */ = {
			isa = PBXGroup;
			children = (
				45CCA6451B67442C00D6FC58 /* WeatheraTests.swift */,
				45CCA6431B67442C00D6FC58 /* Supporting Files */,
			);
			path = WeatheraTests;
			sourceTree = "<group>";
		};
		45CCA6431B67442C00D6FC58 /* Supporting Files */ = {
			isa = PBXGroup;
			children = (
				45CCA6441B67442C00D6FC58 /* Info.plist */,
			);
			name = "Supporting Files";
			sourceTree = "<group>";
		};
/* End PBXGroup section */

/* Begin PBXNativeTarget section */
		45CCA6291B67442C00D6FC58 /* Weathera */ = {
			isa = PBXNativeTarget;
			buildConfigurationList = 45CCA6491B67442C00D6FC58 /* Build configuration list for PBXNativeTarget "Weathera" */;
			buildPhases = (
				45CCA6261B67442C00D6FC58 /* Sources */,
				45CCA6271B67442C00D6FC58 /* Frameworks */,
				45CCA6281B67442C00D6FC58 /* Resources */,
			);
			buildRules = (
			);
			dependencies = (
			);
			name = Weathera;
			productName = Weathera;
			productReference = 45CCA62A1B67442C00D6FC58 /* Weathera.app */;
			productType = "com.apple.product-type.application";
		};
		45CCA63E1B67442C00D6FC58 /* WeatheraTests */ = {
			isa = PBXNativeTarget;
			buildConfigurationList = 45CCA64C1B67442C00D6FC58 /* Build configuration list for PBXNativeTarget "WeatheraTests" */;
			buildPhases = (
				45CCA63B1B67442C00D6FC58 /* Sources */,
				45CCA63C1B67442C00D6FC58 /* Frameworks */,
				45CCA63D1B67442C00D6FC58 /* Resources */,
			);
			buildRules = (
			);
			dependencies = (
				45CCA6411B67442C00D6FC58 /* PBXTargetDependency */,
			);
			name = WeatheraTests;
			productName = WeatheraTests;
			productReference = 45CCA63F1B67442C00D6FC58 /* WeatheraTests.xctest */;
			productType = "com.apple.product-type.bundle.unit-test";
		};
/* End PBXNativeTarget section */

/* Begin PBXProject section */
		45CCA6221B67442C00D6FC58 /* Project object */ = {
			isa = PBXProject;
			attributes = {
				LastUpgradeCheck = 0640;
				ORGANIZATIONNAME = BloodyHacker;
				TargetAttributes = {
					45CCA6291B67442C00D6FC58 = {
						CreatedOnToolsVersion = 6.4;
					};
					45CCA63E1B67442C00D6FC58 = {
						CreatedOnToolsVersion = 6.4;
						TestTargetID = 45CCA6291B67442C00D6FC58;
					};
				};
			};
			buildConfigurationList = 45CCA6251B67442C00D6FC58 /* Build configuration list for PBXProject "Weathera" */;
			compatibilityVersion = "Xcode 3.2";
			developmentRegion = English;
			hasScannedForEncodings = 0;
			knownRegions = (
				en,
				Base,
			);
			mainGroup = 45CCA6211B67442C00D6FC58;
			productRefGroup = 45CCA62B1B67442C00D6FC58 /* Products */;
			projectDirPath = "";
			projectRoot = "";
			targets = (
				45CCA6291B67442C00D6FC58 /* Weathera */,
				45CCA63E1B67442C00D6FC58 /* WeatheraTests */,
			);
		};
/* End PBXProject section */

/* Begin PBXResourcesBuildPhase section */
		45CCA6281B67442C00D6FC58 /* Resources */ = {
			isa = PBXResourcesBuildPhase;
			buildActionMask = 2147483647;
			files = (
				45CCA6351B67442C00D6FC58 /* Main.storyboard in Resources */,
				45CCA63A1B67442C00D6FC58 /* LaunchScreen.xib in Resources */,
				45CCA6371B67442C00D6FC58 /* Images.xcassets in Resources */,
			);
			runOnlyForDeploymentPostprocessing = 0;
		};
		45CCA63D1B67442C00D6FC58 /* Resources */ = {
			isa = PBXResourcesBuildPhase;
			buildActionMask = 2147483647;
			files = (
			);
			runOnlyForDeploymentPostprocessing = 0;
		};
/* End PBXResourcesBuildPhase section */

/* Begin PBXSourcesBuildPhase section */
		45CCA6261B67442C00D6FC58 /* Sources */ = {
			isa = PBXSourcesBuildPhase;
			buildActionMask = 2147483647;
			files = (
				453807641B69D04900684AA8 /* DailyWeather.swift in Sources */,
				4538076A1B69F43400684AA8 /* DailyWeatherTableViewCell.swift in Sources */,
				45F7BB501B68747D004DB721 /* NetworkOperation.swift in Sources */,
				45CCA6321B67442C00D6FC58 /* ViewController.swift in Sources */,
				453807661B69D2FC00684AA8 /* Icon.swift in Sources */,
				453807681B69D9F100684AA8 /* Forecast.swift in Sources */,
				45CCA6541B6749C500D6FC58 /* CurrentWeather.swift in Sources */,
				453807611B69BD5800684AA8 /* BackgroundView.swift in Sources */,
				4538075F1B69BBAF00684AA8 /* WeeklyTableTableViewController.swift in Sources */,
				4538076E1B6A1A4800684AA8 /* LocationService.swift in Sources */,
				45F7BB521B688718004DB721 /* ForecastService.swift in Sources */,
				4538076C1B6A01ED00684AA8 /* DetailBackgroungView.swift in Sources */,
				45CCA6301B67442C00D6FC58 /* AppDelegate.swift in Sources */,
			);
			runOnlyForDeploymentPostprocessing = 0;
		};
		45CCA63B1B67442C00D6FC58 /* Sources */ = {
			isa = PBXSourcesBuildPhase;
			buildActionMask = 2147483647;
			files = (
				45CCA6461B67442C00D6FC58 /* WeatheraTests.swift in Sources */,
			);
			runOnlyForDeploymentPostprocessing = 0;
		};
/* End PBXSourcesBuildPhase section */

/* Begin PBXTargetDependency section */
		45CCA6411B67442C00D6FC58 /* PBXTargetDependency */ = {
			isa = PBXTargetDependency;
			target = 45CCA6291B67442C00D6FC58 /* Weathera */;
			targetProxy = 45CCA6401B67442C00D6FC58 /* PBXContainerItemProxy */;
		};
/* End PBXTargetDependency section */

/* Begin PBXVariantGroup section */
		45CCA6331B67442C00D6FC58 /* Main.storyboard */ = {
			isa = PBXVariantGroup;
			children = (
				45CCA6341B67442C00D6FC58 /* Base */,
			);
			name = Main.storyboard;
			sourceTree = "<group>";
		};
		45CCA6381B67442C00D6FC58 /* LaunchScreen.xib */ = {
			isa = PBXVariantGroup;
			children = (
				45CCA6391B67442C00D6FC58 /* Base */,
			);
			name = LaunchScreen.xib;
			sourceTree = "<group>";
		};
/* End PBXVariantGroup section */

/* Begin XCBuildConfiguration section */
		45CCA6471B67442C00D6FC58 /* Debug */ = {
			isa = XCBuildConfiguration;
			buildSettings = {
				ALWAYS_SEARCH_USER_PATHS = NO;
				CLANG_CXX_LANGUAGE_STANDARD = "gnu++0x";
				CLANG_CXX_LIBRARY = "libc++";
				CLANG_ENABLE_MODULES = YES;
				CLANG_ENABLE_OBJC_ARC = YES;
				CLANG_WARN_BOOL_CONVERSION = YES;
				CLANG_WARN_CONSTANT_CONVERSION = YES;
				CLANG_WARN_DIRECT_OBJC_ISA_USAGE = YES_ERROR;
				CLANG_WARN_EMPTY_BODY = YES;
				CLANG_WARN_ENUM_CONVERSION = YES;
				CLANG_WARN_INT_CONVERSION = YES;
				CLANG_WARN_OBJC_ROOT_CLASS = YES_ERROR;
				CLANG_WARN_UNREACHABLE_CODE = YES;
				CLANG_WARN__DUPLICATE_METHOD_MATCH = YES;
				"CODE_SIGN_IDENTITY[sdk=iphoneos*]" = "iPhone Developer";
				COPY_PHASE_STRIP = NO;
				DEBUG_INFORMATION_FORMAT = "dwarf-with-dsym";
				ENABLE_STRICT_OBJC_MSGSEND = YES;
				GCC_C_LANGUAGE_STANDARD = gnu99;
				GCC_DYNAMIC_NO_PIC = NO;
				GCC_NO_COMMON_BLOCKS = YES;
				GCC_OPTIMIZATION_LEVEL = 0;
				GCC_PREPROCESSOR_DEFINITIONS = (
					"DEBUG=1",
					"$(inherited)",
				);
				GCC_SYMBOLS_PRIVATE_EXTERN = NO;
				GCC_WARN_64_TO_32_BIT_CONVERSION = YES;
				GCC_WARN_ABOUT_RETURN_TYPE = YES_ERROR;
				GCC_WARN_UNDECLARED_SELECTOR = YES;
				GCC_WARN_UNINITIALIZED_AUTOS = YES_AGGRESSIVE;
				GCC_WARN_UNUSED_FUNCTION = YES;
				GCC_WARN_UNUSED_VARIABLE = YES;
				IPHONEOS_DEPLOYMENT_TARGET = 8.4;
				MTL_ENABLE_DEBUG_INFO = YES;
				ONLY_ACTIVE_ARCH = YES;
				SDKROOT = iphoneos;
				SWIFT_OPTIMIZATION_LEVEL = "-Onone";
			};
			name = Debug;
		};
		45CCA6481B67442C00D6FC58 /* Release */ = {
			isa = XCBuildConfiguration;
			buildSettings = {
				ALWAYS_SEARCH_USER_PATHS = NO;
				CLANG_CXX_LANGUAGE_STANDARD = "gnu++0x";
				CLANG_CXX_LIBRARY = "libc++";
				CLANG_ENABLE_MODULES = YES;
				CLANG_ENABLE_OBJC_ARC = YES;
				CLANG_WARN_BOOL_CONVERSION = YES;
				CLANG_WARN_CONSTANT_CONVERSION = YES;
				CLANG_WARN_DIRECT_OBJC_ISA_USAGE = YES_ERROR;
				CLANG_WARN_EMPTY_BODY = YES;
				CLANG_WARN_ENUM_CONVERSION = YES;
				CLANG_WARN_INT_CONVERSION = YES;
				CLANG_WARN_OBJC_ROOT_CLASS = YES_ERROR;
				CLANG_WARN_UNREACHABLE_CODE = YES;
				CLANG_WARN__DUPLICATE_METHOD_MATCH = YES;
				"CODE_SIGN_IDENTITY[sdk=iphoneos*]" = "iPhone Developer";
				COPY_PHASE_STRIP = NO;
				DEBUG_INFORMATION_FORMAT = "dwarf-with-dsym";
				ENABLE_NS_ASSERTIONS = NO;
				ENABLE_STRICT_OBJC_MSGSEND = YES;
				GCC_C_LANGUAGE_STANDARD = gnu99;
				GCC_NO_COMMON_BLOCKS = YES;
				GCC_WARN_64_TO_32_BIT_CONVERSION = YES;
				GCC_WARN_ABOUT_RETURN_TYPE = YES_ERROR;
				GCC_WARN_UNDECLARED_SELECTOR = YES;
				GCC_WARN_UNINITIALIZED_AUTOS = YES_AGGRESSIVE;
				GCC_WARN_UNUSED_FUNCTION = YES;
				GCC_WARN_UNUSED_VARIABLE = YES;
				IPHONEOS_DEPLOYMENT_TARGET = 8.4;
				MTL_ENABLE_DEBUG_INFO = NO;
				SDKROOT = iphoneos;
				VALIDATE_PRODUCT = YES;
			};
			name = Release;
		};
		45CCA64A1B67442C00D6FC58 /* Debug */ = {
			isa = XCBuildConfiguration;
			buildSettings = {
				ASSETCATALOG_COMPILER_APPICON_NAME = AppIcon;
				INFOPLIST_FILE = Weathera/Info.plist;
				LD_RUNPATH_SEARCH_PATHS = "$(inherited) @executable_path/Frameworks";
				PRODUCT_NAME = "$(TARGET_NAME)";
			};
			name = Debug;
		};
		45CCA64B1B67442C00D6FC58 /* Release */ = {
			isa = XCBuildConfiguration;
			buildSettings = {
				ASSETCATALOG_COMPILER_APPICON_NAME = AppIcon;
				INFOPLIST_FILE = Weathera/Info.plist;
				LD_RUNPATH_SEARCH_PATHS = "$(inherited) @executable_path/Frameworks";
				PRODUCT_NAME = "$(TARGET_NAME)";
			};
			name = Release;
		};
		45CCA64D1B67442C00D6FC58 /* Debug */ = {
			isa = XCBuildConfiguration;
			buildSettings = {
				BUNDLE_LOADER = "$(TEST_HOST)";
				FRAMEWORK_SEARCH_PATHS = (
					"$(SDKROOT)/Developer/Library/Frameworks",
					"$(inherited)",
				);
				GCC_PREPROCESSOR_DEFINITIONS = (
					"DEBUG=1",
					"$(inherited)",
				);
				INFOPLIST_FILE = WeatheraTests/Info.plist;
				LD_RUNPATH_SEARCH_PATHS = "$(inherited) @executable_path/Frameworks @loader_path/Frameworks";
				PRODUCT_NAME = "$(TARGET_NAME)";
				TEST_HOST = "$(BUILT_PRODUCTS_DIR)/Weathera.app/Weathera";
			};
			name = Debug;
		};
		45CCA64E1B67442C00D6FC58 /* Release */ = {
			isa = XCBuildConfiguration;
			buildSettings = {
				BUNDLE_LOADER = "$(TEST_HOST)";
				FRAMEWORK_SEARCH_PATHS = (
					"$(SDKROOT)/Developer/Library/Frameworks",
					"$(inherited)",
				);
				INFOPLIST_FILE = WeatheraTests/Info.plist;
				LD_RUNPATH_SEARCH_PATHS = "$(inherited) @executable_path/Frameworks @loader_path/Frameworks";
				PRODUCT_NAME = "$(TARGET_NAME)";
				TEST_HOST = "$(BUILT_PRODUCTS_DIR)/Weathera.app/Weathera";
			};
			name = Release;
		};
/* End XCBuildConfiguration section */

/* Begin XCConfigurationList section */
		45CCA6251B67442C00D6FC58 /* Build configuration list for PBXProject "Weathera" */ = {
			isa = XCConfigurationList;
			buildConfigurations = (
				45CCA6471B67442C00D6FC58 /* Debug */,
				45CCA6481B67442C00D6FC58 /* Release */,
			);
			defaultConfigurationIsVisible = 0;
			defaultConfigurationName = Release;
		};
		45CCA6491B67442C00D6FC58 /* Build configuration list for PBXNativeTarget "Weathera" */ = {
			isa = XCConfigurationList;
			buildConfigurations = (
				45CCA64A1B67442C00D6FC58 /* Debug */,
				45CCA64B1B67442C00D6FC58 /* Release */,
			);
			defaultConfigurationIsVisible = 0;
			defaultConfigurationName = Release;
		};
		45CCA64C1B67442C00D6FC58 /* Build configuration list for PBXNativeTarget "WeatheraTests" */ = {
			isa = XCConfigurationList;
			buildConfigurations = (
				45CCA64D1B67442C00D6FC58 /* Debug */,
				45CCA64E1B67442C00D6FC58 /* Release */,
			);
			defaultConfigurationIsVisible = 0;
			defaultConfigurationName = Release;
		};
/* End XCConfigurationList section */
	};
	rootObject = 45CCA6221B67442C00D6FC58 /* Project object */;
}
